
Microsoft Visual Studio Solution File, Format Version 12.00
# Visual Studio 15
VisualStudioVersion = 15.0.26730.16
MinimumVisualStudioVersion = 10.0.40219.1
Project("{2150E333-8FDC-42A3-9474-1A3956D46DE8}") = ".nuget", ".nuget", "{6CC96360-7F3E-47C4-B78D-26C3FAE083A9}"
	ProjectSection(SolutionItems) = preProject
		.nuget\NuGet.Config = .nuget\NuGet.Config
		.nuget\NuGet.exe = .nuget\NuGet.exe
		.nuget\NuGet.targets = .nuget\NuGet.targets
	EndProjectSection
EndProject
Project("{FAE04EC0-301F-11D3-BF4B-00C04F79EFBC}") = "XTools.Tests", "XTools.Tests\XTools.Tests.csproj", "{C3C77852-5F24-49CD-BFC7-00989661F5F2}"
EndProject
Project("{9A19103F-16F7-4668-BE54-9A1E7A4F7556}") = "XTools", "XTools\XTools.csproj", "{26454EFD-50DC-499C-831B-128968949DFD}"
EndProject
Global
	GlobalSection(SolutionConfigurationPlatforms) = preSolution
		Debug|Any CPU = Debug|Any CPU
		Release|Any CPU = Release|Any CPU
	EndGlobalSection
	GlobalSection(ProjectConfigurationPlatforms) = postSolution
		{C3C77852-5F24-49CD-BFC7-00989661F5F2}.Debug|Any CPU.ActiveCfg = Debug|Any CPU
		{C3C77852-5F24-49CD-BFC7-00989661F5F2}.Debug|Any CPU.Build.0 = Debug|Any CPU
		{C3C77852-5F24-49CD-BFC7-00989661F5F2}.Release|Any CPU.ActiveCfg = Release|Any CPU
		{C3C77852-5F24-49CD-BFC7-00989661F5F2}.Release|Any CPU.Build.0 = Release|Any CPU
		{26454EFD-50DC-499C-831B-128968949DFD}.Debug|Any CPU.ActiveCfg = Debug|Any CPU
		{26454EFD-50DC-499C-831B-128968949DFD}.Debug|Any CPU.Build.0 = Debug|Any CPU
		{26454EFD-50DC-499C-831B-128968949DFD}.Release|Any CPU.ActiveCfg = Release|Any CPU
		{26454EFD-50DC-499C-831B-128968949DFD}.Release|Any CPU.Build.0 = Release|Any CPU
	EndGlobalSection
	GlobalSection(SolutionProperties) = preSolution
		HideSolutionNode = FALSE
	EndGlobalSection
	GlobalSection(ExtensibilityGlobals) = postSolution
		SolutionGuid = {95DFC3D8-AEF5-449A-A2C1-243A9C225A15}
	EndGlobalSection
EndGlobal
